
Microsoft Visual Studio Solution File, Format Version 12.00
# Visual Studio Version 16
VisualStudioVersion = 16.0.32413.511
MinimumVisualStudioVersion = 10.0.40219.1
Project("{FAE04EC0-301F-11D3-BF4B-00C04F79EFBC}") = "Parenthesis expression 2", "Parenthesis expression 2\Parenthesis expression 2.csproj", "{39560A57-0469-4A60-9A42-39E4B6BAE5B4}"
EndProject
Global
	GlobalSection(SolutionConfigurationPlatforms) = preSolution
		Debug|Any CPU = Debug|Any CPU
		Release|Any CPU = Release|Any CPU
	EndGlobalSection
	GlobalSection(ProjectConfigurationPlatforms) = postSolution
		{39560A57-0469-4A60-9A42-39E4B6BAE5B4}.Debug|Any CPU.ActiveCfg = Debug|Any CPU
		{39560A57-0469-4A60-9A42-39E4B6BAE5B4}.Debug|Any CPU.Build.0 = Debug|Any CPU
		{39560A57-0469-4A60-9A42-39E4B6BAE5B4}.Release|Any CPU.ActiveCfg = Release|Any CPU
		{39560A57-0469-4A60-9A42-39E4B6BAE5B4}.Release|Any CPU.Build.0 = Release|Any CPU
	EndGlobalSection
	GlobalSection(SolutionProperties) = preSolution
		HideSolutionNode = FALSE
	EndGlobalSection
	GlobalSection(ExtensibilityGlobals) = postSolution
		SolutionGuid = {2709B323-F2C5-4322-BCFE-BA0F3FE37EF7}
	EndGlobalSection
EndGlobal
